
Microsoft Visual Studio Solution File, Format Version 12.00
# Visual Studio Version 16
VisualStudioVersion = 16.0.31229.75
MinimumVisualStudioVersion = 10.0.40219.1
Project("{2150E333-8FDC-42A3-9474-1A3956D46DE8}") = "src", "src", "{FC59543C-4538-48D0-8BB1-676D3E080819}"
EndProject
Project("{2150E333-8FDC-42A3-9474-1A3956D46DE8}") = "tests", "tests", "{595C4113-0BF9-4A33-A716-5C3D579FBB25}"
EndProject
Project("{FAE04EC0-301F-11D3-BF4B-00C04F79EFBC}") = "Dapper.Aerospike", "src\Dapper.Aerospike\Dapper.Aerospike.csproj", "{26E01FEF-0079-48F0-9930-ABCF2F5B50D8}"
EndProject
Project("{FAE04EC0-301F-11D3-BF4B-00C04F79EFBC}") = "Dapper.Aerospike.Test", "tests\Dapper.Aerospike.Test\Dapper.Aerospike.Test.csproj", "{8357037E-8A83-4A6D-94A9-ACAFBD1BA9BF}"
EndProject
Global
	GlobalSection(SolutionConfigurationPlatforms) = preSolution
		Debug|Any CPU = Debug|Any CPU
		Release|Any CPU = Release|Any CPU
	EndGlobalSection
	GlobalSection(ProjectConfigurationPlatforms) = postSolution
		{26E01FEF-0079-48F0-9930-ABCF2F5B50D8}.Debug|Any CPU.ActiveCfg = Debug|Any CPU
		{26E01FEF-0079-48F0-9930-ABCF2F5B50D8}.Debug|Any CPU.Build.0 = Debug|Any CPU
		{26E01FEF-0079-48F0-9930-ABCF2F5B50D8}.Release|Any CPU.ActiveCfg = Release|Any CPU
		{26E01FEF-0079-48F0-9930-ABCF2F5B50D8}.Release|Any CPU.Build.0 = Release|Any CPU
		{8357037E-8A83-4A6D-94A9-ACAFBD1BA9BF}.Debug|Any CPU.ActiveCfg = Debug|Any CPU
		{8357037E-8A83-4A6D-94A9-ACAFBD1BA9BF}.Debug|Any CPU.Build.0 = Debug|Any CPU
		{8357037E-8A83-4A6D-94A9-ACAFBD1BA9BF}.Release|Any CPU.ActiveCfg = Release|Any CPU
		{8357037E-8A83-4A6D-94A9-ACAFBD1BA9BF}.Release|Any CPU.Build.0 = Release|Any CPU
	EndGlobalSection
	GlobalSection(SolutionProperties) = preSolution
		HideSolutionNode = FALSE
	EndGlobalSection
	GlobalSection(NestedProjects) = preSolution
		{26E01FEF-0079-48F0-9930-ABCF2F5B50D8} = {FC59543C-4538-48D0-8BB1-676D3E080819}
		{8357037E-8A83-4A6D-94A9-ACAFBD1BA9BF} = {595C4113-0BF9-4A33-A716-5C3D579FBB25}
	EndGlobalSection
	GlobalSection(ExtensibilityGlobals) = postSolution
		SolutionGuid = {97B09257-32AE-4307-90F0-87B36A5AA3AE}
	EndGlobalSection
EndGlobal
